# This file is automatically @generated by Cargo.
# It is not intended for manual editing.
version = 4

[[package]]
name = "mar04"
version = "0.1.0"

[[package]]
name = "mar05"
version = "0.1.0"

[[package]]
name = "mar06"
version = "0.1.0"

[[package]]
name = "mar07"
version = "0.1.0"

[[package]]
name = "mar08"
version = "0.1.0"

[[package]]
name = "mar11"
version = "0.1.0"

[[package]]
name = "mar12"
version = "0.1.0"
